
Microsoft Visual Studio Solution File, Format Version 12.00
# Visual Studio Version 16
VisualStudioVersion = 16.0.31702.278
MinimumVisualStudioVersion = 10.0.40219.1
Project("{FAE04EC0-301F-11D3-BF4B-00C04F79EFBC}") = "Dyslexia_reading_improvement", "Dyslexia_reading_improvement\Dyslexia_reading_improvement.csproj", "{47CA881E-E781-4B6C-89D0-5A63C9DF7220}"
EndProject
Global
	GlobalSection(SolutionConfigurationPlatforms) = preSolution
		Debug|Any CPU = Debug|Any CPU
		Release|Any CPU = Release|Any CPU
	EndGlobalSection
	GlobalSection(ProjectConfigurationPlatforms) = postSolution
		{47CA881E-E781-4B6C-89D0-5A63C9DF7220}.Debug|Any CPU.ActiveCfg = Debug|Any CPU
		{47CA881E-E781-4B6C-89D0-5A63C9DF7220}.Debug|Any CPU.Build.0 = Debug|Any CPU
		{47CA881E-E781-4B6C-89D0-5A63C9DF7220}.Release|Any CPU.ActiveCfg = Release|Any CPU
		{47CA881E-E781-4B6C-89D0-5A63C9DF7220}.Release|Any CPU.Build.0 = Release|Any CPU
	EndGlobalSection
	GlobalSection(SolutionProperties) = preSolution
		HideSolutionNode = FALSE
	EndGlobalSection
	GlobalSection(ExtensibilityGlobals) = postSolution
		SolutionGuid = {72C415E9-A05B-4F29-ACD3-3F6678976F08}
	EndGlobalSection
EndGlobal
